
Microsoft Visual Studio Solution File, Format Version 12.00
# Visual Studio Version 16
VisualStudioVersion = 16.0.31702.278
MinimumVisualStudioVersion = 10.0.40219.1
Project("{9A19103F-16F7-4668-BE54-9A1E7A4F7556}") = "SrtSyncLib", "SrtSyncLib\SrtSyncLib.csproj", "{718871FA-AFA5-463B-90F7-CCD13F9DB483}"
EndProject
Project("{9A19103F-16F7-4668-BE54-9A1E7A4F7556}") = "SrtSyncConsole", "SrtSyncConsole\SrtSyncConsole.csproj", "{BE6E4E6D-3F4C-4244-BAAE-FF37E8D116FB}"
EndProject
Project("{9A19103F-16F7-4668-BE54-9A1E7A4F7556}") = "SrtSyncTest", "SrtSyncTest\SrtSyncTest.csproj", "{4CA442D1-D799-429D-88DE-7D88BA4BCD52}"
EndProject
Global
	GlobalSection(SolutionConfigurationPlatforms) = preSolution
		Debug|Any CPU = Debug|Any CPU
		Release|Any CPU = Release|Any CPU
	EndGlobalSection
	GlobalSection(ProjectConfigurationPlatforms) = postSolution
		{718871FA-AFA5-463B-90F7-CCD13F9DB483}.Debug|Any CPU.ActiveCfg = Debug|Any CPU
		{718871FA-AFA5-463B-90F7-CCD13F9DB483}.Debug|Any CPU.Build.0 = Debug|Any CPU
		{718871FA-AFA5-463B-90F7-CCD13F9DB483}.Release|Any CPU.ActiveCfg = Release|Any CPU
		{718871FA-AFA5-463B-90F7-CCD13F9DB483}.Release|Any CPU.Build.0 = Release|Any CPU
		{BE6E4E6D-3F4C-4244-BAAE-FF37E8D116FB}.Debug|Any CPU.ActiveCfg = Debug|Any CPU
		{BE6E4E6D-3F4C-4244-BAAE-FF37E8D116FB}.Debug|Any CPU.Build.0 = Debug|Any CPU
		{BE6E4E6D-3F4C-4244-BAAE-FF37E8D116FB}.Release|Any CPU.ActiveCfg = Release|Any CPU
		{BE6E4E6D-3F4C-4244-BAAE-FF37E8D116FB}.Release|Any CPU.Build.0 = Release|Any CPU
		{4CA442D1-D799-429D-88DE-7D88BA4BCD52}.Debug|Any CPU.ActiveCfg = Debug|Any CPU
		{4CA442D1-D799-429D-88DE-7D88BA4BCD52}.Debug|Any CPU.Build.0 = Debug|Any CPU
		{4CA442D1-D799-429D-88DE-7D88BA4BCD52}.Release|Any CPU.ActiveCfg = Release|Any CPU
		{4CA442D1-D799-429D-88DE-7D88BA4BCD52}.Release|Any CPU.Build.0 = Release|Any CPU
	EndGlobalSection
	GlobalSection(SolutionProperties) = preSolution
		HideSolutionNode = FALSE
	EndGlobalSection
	GlobalSection(ExtensibilityGlobals) = postSolution
		SolutionGuid = {DFD4C824-F3BF-41ED-8BCF-6C5DDE237E7E}
	EndGlobalSection
EndGlobal
